// !$*UTF8*$!
{
	archiveVersion = 1;
	classes = {
	};
	objectVersion = 56;
	objects = {

/* Begin PBXBuildFile section */
		8A79C1C229253B7C002109B8 /* LucisanoMediaGroupApp.swift in Sources */ = {isa = PBXBuildFile; fileRef = 8A79C1C129253B7C002109B8 /* LucisanoMediaGroupApp.swift */; };
		8A79C1C429253B7C002109B8 /* ContentView.swift in Sources */ = {isa = PBXBuildFile; fileRef = 8A79C1C329253B7C002109B8 /* ContentView.swift */; };
		8A79C1C629253B7D002109B8 /* Assets.xcassets in Resources */ = {isa = PBXBuildFile; fileRef = 8A79C1C529253B7D002109B8 /* Assets.xcassets */; };
		8A79C1C929253B7D002109B8 /* Preview Assets.xcassets in Resources */ = {isa = PBXBuildFile; fileRef = 8A79C1C829253B7D002109B8 /* Preview Assets.xcassets */; };
		8A79C1D329253B7D002109B8 /* LucisanoMediaGroupTests.swift in Sources */ = {isa = PBXBuildFile; fileRef = 8A79C1D229253B7D002109B8 /* LucisanoMediaGroupTests.swift */; };
		8A79C1DD29253B7D002109B8 /* LucisanoMediaGroupUITests.swift in Sources */ = {isa = PBXBuildFile; fileRef = 8A79C1DC29253B7D002109B8 /* LucisanoMediaGroupUITests.swift */; };
		8A79C1DF29253B7D002109B8 /* LucisanoMediaGroupUITestsLaunchTests.swift in Sources */ = {isa = PBXBuildFile; fileRef = 8A79C1DE29253B7D002109B8 /* LucisanoMediaGroupUITestsLaunchTests.swift */; };
/* End PBXBuildFile section */

/* Begin PBXContainerItemProxy section */
		8A79C1CF29253B7D002109B8 /* PBXContainerItemProxy */ = {
			isa = PBXContainerItemProxy;
			containerPortal = 8A79C1B629253B7C002109B8 /* Project object */;
			proxyType = 1;
			remoteGlobalIDString = 8A79C1BD29253B7C002109B8;
			remoteInfo = LucisanoMediaGroup;
		};
		8A79C1D929253B7D002109B8 /* PBXContainerItemProxy */ = {
			isa = PBXContainerItemProxy;
			containerPortal = 8A79C1B629253B7C002109B8 /* Project object */;
			proxyType = 1;
			remoteGlobalIDString = 8A79C1BD29253B7C002109B8;
			remoteInfo = LucisanoMediaGroup;
		};
/* End PBXContainerItemProxy section */

/* Begin PBXFileReference section */
		8A79C1BE29253B7C002109B8 /* LucisanoMediaGroup.app */ = {isa = PBXFileReference; explicitFileType = wrapper.application; includeInIndex = 0; path = LucisanoMediaGroup.app; sourceTree = BUILT_PRODUCTS_DIR; };
		8A79C1C129253B7C002109B8 /* LucisanoMediaGroupApp.swift */ = {isa = PBXFileReference; lastKnownFileType = sourcecode.swift; path = LucisanoMediaGroupApp.swift; sourceTree = "<group>"; };
		8A79C1C329253B7C002109B8 /* ContentView.swift */ = {isa = PBXFileReference; lastKnownFileType = sourcecode.swift; path = ContentView.swift; sourceTree = "<group>"; };
		8A79C1C529253B7D002109B8 /* Assets.xcassets */ = {isa = PBXFileReference; lastKnownFileType = folder.assetcatalog; path = Assets.xcassets; sourceTree = "<group>"; };
		8A79C1C829253B7D002109B8 /* Preview Assets.xcassets */ = {isa = PBXFileReference; lastKnownFileType = folder.assetcatalog; path = "Preview Assets.xcassets"; sourceTree = "<group>"; };
		8A79C1CE29253B7D002109B8 /* LucisanoMediaGroupTests.xctest */ = {isa = PBXFileReference; explicitFileType = wrapper.cfbundle; includeInIndex = 0; path = LucisanoMediaGroupTests.xctest; sourceTree = BUILT_PRODUCTS_DIR; };
		8A79C1D229253B7D002109B8 /* LucisanoMediaGroupTests.swift */ = {isa = PBXFileReference; lastKnownFileType = sourcecode.swift; path = LucisanoMediaGroupTests.swift; sourceTree = "<group>"; };
		8A79C1D829253B7D002109B8 /* LucisanoMediaGroupUITests.xctest */ = {isa = PBXFileReference; explicitFileType = wrapper.cfbundle; includeInIndex = 0; path = LucisanoMediaGroupUITests.xctest; sourceTree = BUILT_PRODUCTS_DIR; };
		8A79C1DC29253B7D002109B8 /* LucisanoMediaGroupUITests.swift */ = {isa = PBXFileReference; lastKnownFileType = sourcecode.swift; path = LucisanoMediaGroupUITests.swift; sourceTree = "<group>"; };
		8A79C1DE29253B7D002109B8 /* LucisanoMediaGroupUITestsLaunchTests.swift */ = {isa = PBXFileReference; lastKnownFileType = sourcecode.swift; path = LucisanoMediaGroupUITestsLaunchTests.swift; sourceTree = "<group>"; };
/* End PBXFileReference section */

/* Begin PBXFrameworksBuildPhase section */
		8A79C1BB29253B7C002109B8 /* Frameworks */ = {
			isa = PBXFrameworksBuildPhase;
			buildActionMask = 2147483647;
			files = (
			);
			runOnlyForDeploymentPostprocessing = 0;
		};
		8A79C1CB29253B7D002109B8 /* Frameworks */ = {
			isa = PBXFrameworksBuildPhase;
			buildActionMask = 2147483647;
			files = (
			);
			runOnlyForDeploymentPostprocessing = 0;
		};
		8A79C1D529253B7D002109B8 /* Frameworks */ = {
			isa = PBXFrameworksBuildPhase;
			buildActionMask = 2147483647;
			files = (
			);
			runOnlyForDeploymentPostprocessing = 0;
		};
/* End PBXFrameworksBuildPhase section */

/* Begin PBXGroup section */
		8A79C1B529253B7C002109B8 = {
			isa = PBXGroup;
			children = (
				8A79C1C029253B7C002109B8 /* LucisanoMediaGroup */,
				8A79C1D129253B7D002109B8 /* LucisanoMediaGroupTests */,
				8A79C1DB29253B7D002109B8 /* LucisanoMediaGroupUITests */,
				8A79C1BF29253B7C002109B8 /* Products */,
			);
			sourceTree = "<group>";
		};
		8A79C1BF29253B7C002109B8 /* Products */ = {
			isa = PBXGroup;
			children = (
				8A79C1BE29253B7C002109B8 /* LucisanoMediaGroup.app */,
				8A79C1CE29253B7D002109B8 /* LucisanoMediaGroupTests.xctest */,
				8A79C1D829253B7D002109B8 /* LucisanoMediaGroupUITests.xctest */,
			);
			name = Products;
			sourceTree = "<group>";
		};
		8A79C1C029253B7C002109B8 /* LucisanoMediaGroup */ = {
			isa = PBXGroup;
			children = (
				8A79C1C129253B7C002109B8 /* LucisanoMediaGroupApp.swift */,
				8A79C1C329253B7C002109B8 /* ContentView.swift */,
				8A79C1C529253B7D002109B8 /* Assets.xcassets */,
				8A79C1C729253B7D002109B8 /* Preview Content */,
			);
			path = LucisanoMediaGroup;
			sourceTree = "<group>";
		};
		8A79C1C729253B7D002109B8 /* Preview Content */ = {
			isa = PBXGroup;
			children = (
				8A79C1C829253B7D002109B8 /* Preview Assets.xcassets */,
			);
			path = "Preview Content";
			sourceTree = "<group>";
		};
		8A79C1D129253B7D002109B8 /* LucisanoMediaGroupTests */ = {
			isa = PBXGroup;
			children = (
				8A79C1D229253B7D002109B8 /* LucisanoMediaGroupTests.swift */,
			);
			path = LucisanoMediaGroupTests;
			sourceTree = "<group>";
		};
		8A79C1DB29253B7D002109B8 /* LucisanoMediaGroupUITests */ = {
			isa = PBXGroup;
			children = (
				8A79C1DC29253B7D002109B8 /* LucisanoMediaGroupUITests.swift */,
				8A79C1DE29253B7D002109B8 /* LucisanoMediaGroupUITestsLaunchTests.swift */,
			);
			path = LucisanoMediaGroupUITests;
			sourceTree = "<group>";
		};
/* End PBXGroup section */

/* Begin PBXNativeTarget section */
		8A79C1BD29253B7C002109B8 /* LucisanoMediaGroup */ = {
			isa = PBXNativeTarget;
			buildConfigurationList = 8A79C1E229253B7D002109B8 /* Build configuration list for PBXNativeTarget "LucisanoMediaGroup" */;
			buildPhases = (
				8A79C1BA29253B7C002109B8 /* Sources */,
				8A79C1BB29253B7C002109B8 /* Frameworks */,
				8A79C1BC29253B7C002109B8 /* Resources */,
			);
			buildRules = (
			);
			dependencies = (
			);
			name = LucisanoMediaGroup;
			productName = LucisanoMediaGroup;
			productReference = 8A79C1BE29253B7C002109B8 /* LucisanoMediaGroup.app */;
			productType = "com.apple.product-type.application";
		};
		8A79C1CD29253B7D002109B8 /* LucisanoMediaGroupTests */ = {
			isa = PBXNativeTarget;
			buildConfigurationList = 8A79C1E529253B7D002109B8 /* Build configuration list for PBXNativeTarget "LucisanoMediaGroupTests" */;
			buildPhases = (
				8A79C1CA29253B7D002109B8 /* Sources */,
				8A79C1CB29253B7D002109B8 /* Frameworks */,
				8A79C1CC29253B7D002109B8 /* Resources */,
			);
			buildRules = (
			);
			dependencies = (
				8A79C1D029253B7D002109B8 /* PBXTargetDependency */,
			);
			name = LucisanoMediaGroupTests;
			productName = LucisanoMediaGroupTests;
			productReference = 8A79C1CE29253B7D002109B8 /* LucisanoMediaGroupTests.xctest */;
			productType = "com.apple.product-type.bundle.unit-test";
		};
		8A79C1D729253B7D002109B8 /* LucisanoMediaGroupUITests */ = {
			isa = PBXNativeTarget;
			buildConfigurationList = 8A79C1E829253B7D002109B8 /* Build configuration list for PBXNativeTarget "LucisanoMediaGroupUITests" */;
			buildPhases = (
				8A79C1D429253B7D002109B8 /* Sources */,
				8A79C1D529253B7D002109B8 /* Frameworks */,
				8A79C1D629253B7D002109B8 /* Resources */,
			);
			buildRules = (
			);
			dependencies = (
				8A79C1DA29253B7D002109B8 /* PBXTargetDependency */,
			);
			name = LucisanoMediaGroupUITests;
			productName = LucisanoMediaGroupUITests;
			productReference = 8A79C1D829253B7D002109B8 /* LucisanoMediaGroupUITests.xctest */;
			productType = "com.apple.product-type.bundle.ui-testing";
		};
/* End PBXNativeTarget section */

/* Begin PBXProject section */
		8A79C1B629253B7C002109B8 /* Project object */ = {
			isa = PBXProject;
			attributes = {
				BuildIndependentTargetsInParallel = 1;
				LastSwiftUpdateCheck = 1410;
				LastUpgradeCheck = 1410;
				TargetAttributes = {
					8A79C1BD29253B7C002109B8 = {
						CreatedOnToolsVersion = 14.1;
					};
					8A79C1CD29253B7D002109B8 = {
						CreatedOnToolsVersion = 14.1;
						TestTargetID = 8A79C1BD29253B7C002109B8;
					};
					8A79C1D729253B7D002109B8 = {
						CreatedOnToolsVersion = 14.1;
						TestTargetID = 8A79C1BD29253B7C002109B8;
					};
				};
			};
			buildConfigurationList = 8A79C1B929253B7C002109B8 /* Build configuration list for PBXProject "LucisanoMediaGroup" */;
			compatibilityVersion = "Xcode 14.0";
			developmentRegion = en;
			hasScannedForEncodings = 0;
			knownRegions = (
				en,
				Base,
			);
			mainGroup = 8A79C1B529253B7C002109B8;
			productRefGroup = 8A79C1BF29253B7C002109B8 /* Products */;
			projectDirPath = "";
			projectRoot = "";
			targets = (
				8A79C1BD29253B7C002109B8 /* LucisanoMediaGroup */,
				8A79C1CD29253B7D002109B8 /* LucisanoMediaGroupTests */,
				8A79C1D729253B7D002109B8 /* LucisanoMediaGroupUITests */,
			);
		};
/* End PBXProject section */

/* Begin PBXResourcesBuildPhase section */
		8A79C1BC29253B7C002109B8 /* Resources */ = {
			isa = PBXResourcesBuildPhase;
			buildActionMask = 2147483647;
			files = (
				8A79C1C929253B7D002109B8 /* Preview Assets.xcassets in Resources */,
				8A79C1C629253B7D002109B8 /* Assets.xcassets in Resources */,
			);
			runOnlyForDeploymentPostprocessing = 0;
		};
		8A79C1CC29253B7D002109B8 /* Resources */ = {
			isa = PBXResourcesBuildPhase;
			buildActionMask = 2147483647;
			files = (
			);
			runOnlyForDeploymentPostprocessing = 0;
		};
		8A79C1D629253B7D002109B8 /* Resources */ = {
			isa = PBXResourcesBuildPhase;
			buildActionMask = 2147483647;
			files = (
			);
			runOnlyForDeploymentPostprocessing = 0;
		};
/* End PBXResourcesBuildPhase section */

/* Begin PBXSourcesBuildPhase section */
		8A79C1BA29253B7C002109B8 /* Sources */ = {
			isa = PBXSourcesBuildPhase;
			buildActionMask = 2147483647;
			files = (
				8A79C1C429253B7C002109B8 /* ContentView.swift in Sources */,
				8A79C1C229253B7C002109B8 /* LucisanoMediaGroupApp.swift in Sources */,
			);
			runOnlyForDeploymentPostprocessing = 0;
		};
		8A79C1CA29253B7D002109B8 /* Sources */ = {
			isa = PBXSourcesBuildPhase;
			buildActionMask = 2147483647;
			files = (
				8A79C1D329253B7D002109B8 /* LucisanoMediaGroupTests.swift in Sources */,
			);
			runOnlyForDeploymentPostprocessing = 0;
		};
		8A79C1D429253B7D002109B8 /* Sources */ = {
			isa = PBXSourcesBuildPhase;
			buildActionMask = 2147483647;
			files = (
				8A79C1DD29253B7D002109B8 /* LucisanoMediaGroupUITests.swift in Sources */,
				8A79C1DF29253B7D002109B8 /* LucisanoMediaGroupUITestsLaunchTests.swift in Sources */,
			);
			runOnlyForDeploymentPostprocessing = 0;
		};
/* End PBXSourcesBuildPhase section */

/* Begin PBXTargetDependency section */
		8A79C1D029253B7D002109B8 /* PBXTargetDependency */ = {
			isa = PBXTargetDependency;
			target = 8A79C1BD29253B7C002109B8 /* LucisanoMediaGroup */;
			targetProxy = 8A79C1CF29253B7D002109B8 /* PBXContainerItemProxy */;
		};
		8A79C1DA29253B7D002109B8 /* PBXTargetDependency */ = {
			isa = PBXTargetDependency;
			target = 8A79C1BD29253B7C002109B8 /* LucisanoMediaGroup */;
			targetProxy = 8A79C1D929253B7D002109B8 /* PBXContainerItemProxy */;
		};
/* End PBXTargetDependency section */

/* Begin XCBuildConfiguration section */
		8A79C1E029253B7D002109B8 /* Debug */ = {
			isa = XCBuildConfiguration;
			buildSettings = {
				ALWAYS_SEARCH_USER_PATHS = NO;
				CLANG_ANALYZER_NONNULL = YES;
				CLANG_ANALYZER_NUMBER_OBJECT_CONVERSION = YES_AGGRESSIVE;
				CLANG_CXX_LANGUAGE_STANDARD = "gnu++20";
				CLANG_ENABLE_MODULES = YES;
				CLANG_ENABLE_OBJC_ARC = YES;
				CLANG_ENABLE_OBJC_WEAK = YES;
				CLANG_WARN_BLOCK_CAPTURE_AUTORELEASING = YES;
				CLANG_WARN_BOOL_CONVERSION = YES;
				CLANG_WARN_COMMA = YES;
				CLANG_WARN_CONSTANT_CONVERSION = YES;
				CLANG_WARN_DEPRECATED_OBJC_IMPLEMENTATIONS = YES;
				CLANG_WARN_DIRECT_OBJC_ISA_USAGE = YES_ERROR;
				CLANG_WARN_DOCUMENTATION_COMMENTS = YES;
				CLANG_WARN_EMPTY_BODY = YES;
				CLANG_WARN_ENUM_CONVERSION = YES;
				CLANG_WARN_INFINITE_RECURSION = YES;
				CLANG_WARN_INT_CONVERSION = YES;
				CLANG_WARN_NON_LITERAL_NULL_CONVERSION = YES;
				CLANG_WARN_OBJC_IMPLICIT_RETAIN_SELF = YES;
				CLANG_WARN_OBJC_LITERAL_CONVERSION = YES;
				CLANG_WARN_OBJC_ROOT_CLASS = YES_ERROR;
				CLANG_WARN_QUOTED_INCLUDE_IN_FRAMEWORK_HEADER = YES;
				CLANG_WARN_RANGE_LOOP_ANALYSIS = YES;
				CLANG_WARN_STRICT_PROTOTYPES = YES;
				CLANG_WARN_SUSPICIOUS_MOVE = YES;
				CLANG_WARN_UNGUARDED_AVAILABILITY = YES_AGGRESSIVE;
				CLANG_WARN_UNREACHABLE_CODE = YES;
				CLANG_WARN__DUPLICATE_METHOD_MATCH = YES;
				COPY_PHASE_STRIP = NO;
				DEBUG_INFORMATION_FORMAT = dwarf;
				ENABLE_STRICT_OBJC_MSGSEND = YES;
				ENABLE_TESTABILITY = YES;
				GCC_C_LANGUAGE_STANDARD = gnu11;
				GCC_DYNAMIC_NO_PIC = NO;
				GCC_NO_COMMON_BLOCKS = YES;
				GCC_OPTIMIZATION_LEVEL = 0;
				GCC_PREPROCESSOR_DEFINITIONS = (
					"DEBUG=1",
					"$(inherited)",
				);
				GCC_WARN_64_TO_32_BIT_CONVERSION = YES;
				GCC_WARN_ABOUT_RETURN_TYPE = YES_ERROR;
				GCC_WARN_UNDECLARED_SELECTOR = YES;
				GCC_WARN_UNINITIALIZED_AUTOS = YES_AGGRESSIVE;
				GCC_WARN_UNUSED_FUNCTION = YES;
				GCC_WARN_UNUSED_VARIABLE = YES;
				IPHONEOS_DEPLOYMENT_TARGET = 16.1;
				MTL_ENABLE_DEBUG_INFO = INCLUDE_SOURCE;
				MTL_FAST_MATH = YES;
				ONLY_ACTIVE_ARCH = YES;
				SDKROOT = iphoneos;
				SWIFT_ACTIVE_COMPILATION_CONDITIONS = DEBUG;
				SWIFT_OPTIMIZATION_LEVEL = "-Onone";
			};
			name = Debug;
		};
		8A79C1E129253B7D002109B8 /* Release */ = {
			isa = XCBuildConfiguration;
			buildSettings = {
				ALWAYS_SEARCH_USER_PATHS = NO;
				CLANG_ANALYZER_NONNULL = YES;
				CLANG_ANALYZER_NUMBER_OBJECT_CONVERSION = YES_AGGRESSIVE;
				CLANG_CXX_LANGUAGE_STANDARD = "gnu++20";
				CLANG_ENABLE_MODULES = YES;
				CLANG_ENABLE_OBJC_ARC = YES;
				CLANG_ENABLE_OBJC_WEAK = YES;
				CLANG_WARN_BLOCK_CAPTURE_AUTORELEASING = YES;
				CLANG_WARN_BOOL_CONVERSION = YES;
				CLANG_WARN_COMMA = YES;
				CLANG_WARN_CONSTANT_CONVERSION = YES;
				CLANG_WARN_DEPRECATED_OBJC_IMPLEMENTATIONS = YES;
				CLANG_WARN_DIRECT_OBJC_ISA_USAGE = YES_ERROR;
				CLANG_WARN_DOCUMENTATION_COMMENTS = YES;
				CLANG_WARN_EMPTY_BODY = YES;
				CLANG_WARN_ENUM_CONVERSION = YES;
				CLANG_WARN_INFINITE_RECURSION = YES;
				CLANG_WARN_INT_CONVERSION = YES;
				CLANG_WARN_NON_LITERAL_NULL_CONVERSION = YES;
				CLANG_WARN_OBJC_IMPLICIT_RETAIN_SELF = YES;
				CLANG_WARN_OBJC_LITERAL_CONVERSION = YES;
				CLANG_WARN_OBJC_ROOT_CLASS = YES_ERROR;
				CLANG_WARN_QUOTED_INCLUDE_IN_FRAMEWORK_HEADER = YES;
				CLANG_WARN_RANGE_LOOP_ANALYSIS = YES;
				CLANG_WARN_STRICT_PROTOTYPES = YES;
				CLANG_WARN_SUSPICIOUS_MOVE = YES;
				CLANG_WARN_UNGUARDED_AVAILABILITY = YES_AGGRESSIVE;
				CLANG_WARN_UNREACHABLE_CODE = YES;
				CLANG_WARN__DUPLICATE_METHOD_MATCH = YES;
				COPY_PHASE_STRIP = NO;
				DEBUG_INFORMATION_FORMAT = "dwarf-with-dsym";
				ENABLE_NS_ASSERTIONS = NO;
				ENABLE_STRICT_OBJC_MSGSEND = YES;
				GCC_C_LANGUAGE_STANDARD = gnu11;
				GCC_NO_COMMON_BLOCKS = YES;
				GCC_WARN_64_TO_32_BIT_CONVERSION = YES;
				GCC_WARN_ABOUT_RETURN_TYPE = YES_ERROR;
				GCC_WARN_UNDECLARED_SELECTOR = YES;
				GCC_WARN_UNINITIALIZED_AUTOS = YES_AGGRESSIVE;
				GCC_WARN_UNUSED_FUNCTION = YES;
				GCC_WARN_UNUSED_VARIABLE = YES;
				IPHONEOS_DEPLOYMENT_TARGET = 16.1;
				MTL_ENABLE_DEBUG_INFO = NO;
				MTL_FAST_MATH = YES;
				SDKROOT = iphoneos;
				SWIFT_COMPILATION_MODE = wholemodule;
				SWIFT_OPTIMIZATION_LEVEL = "-O";
				VALIDATE_PRODUCT = YES;
			};
			name = Release;
		};
		8A79C1E329253B7D002109B8 /* Debug */ = {
			isa = XCBuildConfiguration;
			buildSettings = {
				ASSETCATALOG_COMPILER_APPICON_NAME = AppIcon;
				ASSETCATALOG_COMPILER_GLOBAL_ACCENT_COLOR_NAME = AccentColor;
				CODE_SIGN_STYLE = Automatic;
				CURRENT_PROJECT_VERSION = 1;
				DEVELOPMENT_ASSET_PATHS = "\"LucisanoMediaGroup/Preview Content\"";
				DEVELOPMENT_TEAM = NUWU6B2G25;
				ENABLE_PREVIEWS = YES;
				GENERATE_INFOPLIST_FILE = YES;
				INFOPLIST_KEY_UIApplicationSceneManifest_Generation = YES;
				INFOPLIST_KEY_UIApplicationSupportsIndirectInputEvents = YES;
				INFOPLIST_KEY_UILaunchScreen_Generation = YES;
				INFOPLIST_KEY_UISupportedInterfaceOrientations_iPad = "UIInterfaceOrientationPortrait UIInterfaceOrientationPortraitUpsideDown UIInterfaceOrientationLandscapeLeft UIInterfaceOrientationLandscapeRight";
				INFOPLIST_KEY_UISupportedInterfaceOrientations_iPhone = "UIInterfaceOrientationPortrait UIInterfaceOrientationLandscapeLeft UIInterfaceOrientationLandscapeRight";
				LD_RUNPATH_SEARCH_PATHS = (
					"$(inherited)",
					"@executable_path/Frameworks",
				);
				MARKETING_VERSION = 1.0;
				PRODUCT_BUNDLE_IDENTIFIER = com.valkovich.LucisanoMediaGroup;
				PRODUCT_NAME = "$(TARGET_NAME)";
				SWIFT_EMIT_LOC_STRINGS = YES;
				SWIFT_VERSION = 5.0;
				TARGETED_DEVICE_FAMILY = "1,2";
			};
			name = Debug;
		};
		8A79C1E429253B7D002109B8 /* Release */ = {
			isa = XCBuildConfiguration;
			buildSettings = {
				ASSETCATALOG_COMPILER_APPICON_NAME = AppIcon;
				ASSETCATALOG_COMPILER_GLOBAL_ACCENT_COLOR_NAME = AccentColor;
				CODE_SIGN_STYLE = Automatic;
				CURRENT_PROJECT_VERSION = 1;
				DEVELOPMENT_ASSET_PATHS = "\"LucisanoMediaGroup/Preview Content\"";
				DEVELOPMENT_TEAM = NUWU6B2G25;
				ENABLE_PREVIEWS = YES;
				GENERATE_INFOPLIST_FILE = YES;
				INFOPLIST_KEY_UIApplicationSceneManifest_Generation = YES;
				INFOPLIST_KEY_UIApplicationSupportsIndirectInputEvents = YES;
				INFOPLIST_KEY_UILaunchScreen_Generation = YES;
				INFOPLIST_KEY_UISupportedInterfaceOrientations_iPad = "UIInterfaceOrientationPortrait UIInterfaceOrientationPortraitUpsideDown UIInterfaceOrientationLandscapeLeft UIInterfaceOrientationLandscapeRight";
				INFOPLIST_KEY_UISupportedInterfaceOrientations_iPhone = "UIInterfaceOrientationPortrait UIInterfaceOrientationLandscapeLeft UIInterfaceOrientationLandscapeRight";
				LD_RUNPATH_SEARCH_PATHS = (
					"$(inherited)",
					"@executable_path/Frameworks",
				);
				MARKETING_VERSION = 1.0;
				PRODUCT_BUNDLE_IDENTIFIER = com.valkovich.LucisanoMediaGroup;
				PRODUCT_NAME = "$(TARGET_NAME)";
				SWIFT_EMIT_LOC_STRINGS = YES;
				SWIFT_VERSION = 5.0;
				TARGETED_DEVICE_FAMILY = "1,2";
			};
			name = Release;
		};
		8A79C1E629253B7D002109B8 /* Debug */ = {
			isa = XCBuildConfiguration;
			buildSettings = {
				ALWAYS_EMBED_SWIFT_STANDARD_LIBRARIES = YES;
				BUNDLE_LOADER = "$(TEST_HOST)";
				CODE_SIGN_STYLE = Automatic;
				CURRENT_PROJECT_VERSION = 1;
				DEVELOPMENT_TEAM = NUWU6B2G25;
				GENERATE_INFOPLIST_FILE = YES;
				IPHONEOS_DEPLOYMENT_TARGET = 16.1;
				MARKETING_VERSION = 1.0;
				PRODUCT_BUNDLE_IDENTIFIER = com.valkovich.LucisanoMediaGroupTests;
				PRODUCT_NAME = "$(TARGET_NAME)";
				SWIFT_EMIT_LOC_STRINGS = NO;
				SWIFT_VERSION = 5.0;
				TARGETED_DEVICE_FAMILY = "1,2";
				TEST_HOST = "$(BUILT_PRODUCTS_DIR)/LucisanoMediaGroup.app/$(BUNDLE_EXECUTABLE_FOLDER_PATH)/LucisanoMediaGroup";
			};
			name = Debug;
		};
		8A79C1E729253B7D002109B8 /* Release */ = {
			isa = XCBuildConfiguration;
			buildSettings = {
				ALWAYS_EMBED_SWIFT_STANDARD_LIBRARIES = YES;
				BUNDLE_LOADER = "$(TEST_HOST)";
				CODE_SIGN_STYLE = Automatic;
				CURRENT_PROJECT_VERSION = 1;
				DEVELOPMENT_TEAM = NUWU6B2G25;
				GENERATE_INFOPLIST_FILE = YES;
				IPHONEOS_DEPLOYMENT_TARGET = 16.1;
				MARKETING_VERSION = 1.0;
				PRODUCT_BUNDLE_IDENTIFIER = com.valkovich.LucisanoMediaGroupTests;
				PRODUCT_NAME = "$(TARGET_NAME)";
				SWIFT_EMIT_LOC_STRINGS = NO;
				SWIFT_VERSION = 5.0;
				TARGETED_DEVICE_FAMILY = "1,2";
				TEST_HOST = "$(BUILT_PRODUCTS_DIR)/LucisanoMediaGroup.app/$(BUNDLE_EXECUTABLE_FOLDER_PATH)/LucisanoMediaGroup";
			};
			name = Release;
		};
		8A79C1E929253B7D002109B8 /* Debug */ = {
			isa = XCBuildConfiguration;
			buildSettings = {
				ALWAYS_EMBED_SWIFT_STANDARD_LIBRARIES = YES;
				CODE_SIGN_STYLE = Automatic;
				CURRENT_PROJECT_VERSION = 1;
				DEVELOPMENT_TEAM = NUWU6B2G25;
				GENERATE_INFOPLIST_FILE = YES;
				MARKETING_VERSION = 1.0;
				PRODUCT_BUNDLE_IDENTIFIER = com.valkovich.LucisanoMediaGroupUITests;
				PRODUCT_NAME = "$(TARGET_NAME)";
				SWIFT_EMIT_LOC_STRINGS = NO;
				SWIFT_VERSION = 5.0;
				TARGETED_DEVICE_FAMILY = "1,2";
				TEST_TARGET_NAME = LucisanoMediaGroup;
			};
			name = Debug;
		};
		8A79C1EA29253B7D002109B8 /* Release */ = {
			isa = XCBuildConfiguration;
			buildSettings = {
				ALWAYS_EMBED_SWIFT_STANDARD_LIBRARIES = YES;
				CODE_SIGN_STYLE = Automatic;
				CURRENT_PROJECT_VERSION = 1;
				DEVELOPMENT_TEAM = NUWU6B2G25;
				GENERATE_INFOPLIST_FILE = YES;
				MARKETING_VERSION = 1.0;
				PRODUCT_BUNDLE_IDENTIFIER = com.valkovich.LucisanoMediaGroupUITests;
				PRODUCT_NAME = "$(TARGET_NAME)";
				SWIFT_EMIT_LOC_STRINGS = NO;
				SWIFT_VERSION = 5.0;
				TARGETED_DEVICE_FAMILY = "1,2";
				TEST_TARGET_NAME = LucisanoMediaGroup;
			};
			name = Release;
		};
/* End XCBuildConfiguration section */

/* Begin XCConfigurationList section */
		8A79C1B929253B7C002109B8 /* Build configuration list for PBXProject "LucisanoMediaGroup" */ = {
			isa = XCConfigurationList;
			buildConfigurations = (
				8A79C1E029253B7D002109B8 /* Debug */,
				8A79C1E129253B7D002109B8 /* Release */,
			);
			defaultConfigurationIsVisible = 0;
			defaultConfigurationName = Release;
		};
		8A79C1E229253B7D002109B8 /* Build configuration list for PBXNativeTarget "LucisanoMediaGroup" */ = {
			isa = XCConfigurationList;
			buildConfigurations = (
				8A79C1E329253B7D002109B8 /* Debug */,
				8A79C1E429253B7D002109B8 /* Release */,
			);
			defaultConfigurationIsVisible = 0;
			defaultConfigurationName = Release;
		};
		8A79C1E529253B7D002109B8 /* Build configuration list for PBXNativeTarget "LucisanoMediaGroupTests" */ = {
			isa = XCConfigurationList;
			buildConfigurations = (
				8A79C1E629253B7D002109B8 /* Debug */,
				8A79C1E729253B7D002109B8 /* Release */,
			);
			defaultConfigurationIsVisible = 0;
			defaultConfigurationName = Release;
		};
		8A79C1E829253B7D002109B8 /* Build configuration list for PBXNativeTarget "LucisanoMediaGroupUITests" */ = {
			isa = XCConfigurationList;
			buildConfigurations = (
				8A79C1E929253B7D002109B8 /* Debug */,
				8A79C1EA29253B7D002109B8 /* Release */,
			);
			defaultConfigurationIsVisible = 0;
			defaultConfigurationName = Release;
		};
/* End XCConfigurationList section */
	};
	rootObject = 8A79C1B629253B7C002109B8 /* Project object */;
}
